PODS:
  - Euclid (0.3.4)
  - Polyskel (0.3.3):
    - Euclid (~> 0.3.0)

DEPENDENCIES:
  - Polyskel (from `../`)

SPEC REPOS:
  trunk:
    - Euclid

EXTERNAL SOURCES:
  Polyskel:
    :path: "../"

SPEC CHECKSUMS:
  Euclid: 94a24caf55d4b251f4d5070c884b3258e6c0fb0a
  Polyskel: 388a9a0055626fccd06dc9ee4580b48f0f4949ec

PODFILE CHECKSUM: daf97aeebb2f9fc56a25b60226bc3a52653fbe9c

COCOAPODS: 1.9.1
