PODS:
  - Euclid (0.2.0)
  - Polyskel (0.0.3):
    - Euclid (~> 0.2.0)

DEPENDENCIES:
  - Polyskel (from `../`)

SPEC REPOS:
  trunk:
    - Euclid

EXTERNAL SOURCES:
  Polyskel:
    :path: "../"

SPEC CHECKSUMS:
  Euclid: e90e48eb8093b6ce8eff66749d2b247e0198a1bc
  Polyskel: bc71057ef3049d6e2a9c61e263ff6c9d44af0f55

PODFILE CHECKSUM: daf97aeebb2f9fc56a25b60226bc3a52653fbe9c

COCOAPODS: 1.8.4
