{
  "object": {
    "pins": [
      {
        "package": "Euclid",
        "repositoryURL": "https://github.com/nicklockwood/Euclid.git",
        "state": {
          "branch": null,
          "revision": "c8537c7ad0df2b7d0f09ee251aa153d7c381776c",
          "version": "0.8.15"
        }
      }
    ]
  },
  "version": 1
}
